// !$*UTF8*$!
{
	archiveVersion = 1;
	classes = {
	};
	objectVersion = 50;
	objects = {

/* Begin PBXBuildFile section */
		C8351B5324F1DFDC007FAEB5 /* DetailViewController.swift in Sources */ = {isa = PBXBuildFile; fileRef = C8351B5224F1DFDC007FAEB5 /* DetailViewController.swift */; };
		C852D12824F04DF3001F56BD /* AppDelegate.swift in Sources */ = {isa = PBXBuildFile; fileRef = C852D12724F04DF3001F56BD /* AppDelegate.swift */; };
		C852D12A24F04DF3001F56BD /* SceneDelegate.swift in Sources */ = {isa = PBXBuildFile; fileRef = C852D12924F04DF3001F56BD /* SceneDelegate.swift */; };
		C852D13124F04DF5001F56BD /* Assets.xcassets in Resources */ = {isa = PBXBuildFile; fileRef = C852D13024F04DF5001F56BD /* Assets.xcassets */; };
		C852D13424F04DF5001F56BD /* LaunchScreen.storyboard in Resources */ = {isa = PBXBuildFile; fileRef = C852D13224F04DF5001F56BD /* LaunchScreen.storyboard */; };
		C852D14224F05547001F56BD /* RootViewController.swift in Sources */ = {isa = PBXBuildFile; fileRef = C852D14124F05547001F56BD /* RootViewController.swift */; };
		C852D14824F059D4001F56BD /* Contact.swift in Sources */ = {isa = PBXBuildFile; fileRef = C852D14424F059D4001F56BD /* Contact.swift */; };
		C852D14924F059D4001F56BD /* Constants.swift in Sources */ = {isa = PBXBuildFile; fileRef = C852D14624F059D4001F56BD /* Constants.swift */; };
		C852D14A24F059D4001F56BD /* NetworkManager.swift in Sources */ = {isa = PBXBuildFile; fileRef = C852D14724F059D4001F56BD /* NetworkManager.swift */; };
		C852D15424F06BE7001F56BD /* ImageCache.swift in Sources */ = {isa = PBXBuildFile; fileRef = C852D15324F06BE7001F56BD /* ImageCache.swift */; };
		C8706F1824F44AB400D0DEA4 /* UserInfoVM.swift in Sources */ = {isa = PBXBuildFile; fileRef = C8706F1724F44AB400D0DEA4 /* UserInfoVM.swift */; };
		C8706F1A24F44C0500D0DEA4 /* RootViewSections.swift in Sources */ = {isa = PBXBuildFile; fileRef = C8706F1924F44C0500D0DEA4 /* RootViewSections.swift */; };
		C879D2BC24F4A075000B2EBA /* README.md in Resources */ = {isa = PBXBuildFile; fileRef = C8B6535524F45234002E9354 /* README.md */; };
		C8B00CA924F32B1C0046810A /* ContactViewModel.swift in Sources */ = {isa = PBXBuildFile; fileRef = C8B00CA824F32B1C0046810A /* ContactViewModel.swift */; };
		C8B6535024F44F2E002E9354 /* Address.swift in Sources */ = {isa = PBXBuildFile; fileRef = C8B6534F24F44F2E002E9354 /* Address.swift */; };
		C8B6535224F44F3D002E9354 /* Country.swift in Sources */ = {isa = PBXBuildFile; fileRef = C8B6535124F44F3D002E9354 /* Country.swift */; };
		C8B6535424F44F53002E9354 /* Phone.swift in Sources */ = {isa = PBXBuildFile; fileRef = C8B6535324F44F53002E9354 /* Phone.swift */; };
		C8FB19C724F176E900C52321 /* RootTableCell.swift in Sources */ = {isa = PBXBuildFile; fileRef = C8FB19C624F176E900C52321 /* RootTableCell.swift */; };
		C8FB19CB24F198C200C52321 /* ContactsViewModel.swift in Sources */ = {isa = PBXBuildFile; fileRef = C8FB19CA24F198C200C52321 /* ContactsViewModel.swift */; };
		C8FB19CD24F1B70600C52321 /* UserProfileCell.swift in Sources */ = {isa = PBXBuildFile; fileRef = C8FB19CC24F1B70600C52321 /* UserProfileCell.swift */; };
		C8FB19CF24F1BE7600C52321 /* UserInfoCell.swift in Sources */ = {isa = PBXBuildFile; fileRef = C8FB19CE24F1BE7600C52321 /* UserInfoCell.swift */; };
		C8FB19D124F1DE8800C52321 /* String+Extension.swift in Sources */ = {isa = PBXBuildFile; fileRef = C8FB19D024F1DE8800C52321 /* String+Extension.swift */; };
/* End PBXBuildFile section */

/* Begin PBXFileReference section */
		C8351B5224F1DFDC007FAEB5 /* DetailViewController.swift */ = {isa = PBXFileReference; fileEncoding = 4; lastKnownFileType = sourcecode.swift; path = DetailViewController.swift; sourceTree = "<group>"; };
		C852D12424F04DF3001F56BD /* Kin+Carta.app */ = {isa = PBXFileReference; explicitFileType = wrapper.application; includeInIndex = 0; path = "Kin+Carta.app"; sourceTree = BUILT_PRODUCTS_DIR; };
		C852D12724F04DF3001F56BD /* AppDelegate.swift */ = {isa = PBXFileReference; lastKnownFileType = sourcecode.swift; path = AppDelegate.swift; sourceTree = "<group>"; };
		C852D12924F04DF3001F56BD /* SceneDelegate.swift */ = {isa = PBXFileReference; lastKnownFileType = sourcecode.swift; path = SceneDelegate.swift; sourceTree = "<group>"; };
		C852D13024F04DF5001F56BD /* Assets.xcassets */ = {isa = PBXFileReference; lastKnownFileType = folder.assetcatalog; path = Assets.xcassets; sourceTree = "<group>"; };
		C852D13324F04DF5001F56BD /* Base */ = {isa = PBXFileReference; lastKnownFileType = file.storyboard; name = Base; path = Base.lproj/LaunchScreen.storyboard; sourceTree = "<group>"; };
		C852D13524F04DF5001F56BD /* Info.plist */ = {isa = PBXFileReference; lastKnownFileType = text.plist.xml; path = Info.plist; sourceTree = "<group>"; };
		C852D14124F05547001F56BD /* RootViewController.swift */ = {isa = PBXFileReference; lastKnownFileType = sourcecode.swift; path = RootViewController.swift; sourceTree = "<group>"; };
		C852D14424F059D4001F56BD /* Contact.swift */ = {isa = PBXFileReference; fileEncoding = 4; lastKnownFileType = sourcecode.swift; path = Contact.swift; sourceTree = "<group>"; };
		C852D14624F059D4001F56BD /* Constants.swift */ = {isa = PBXFileReference; fileEncoding = 4; lastKnownFileType = sourcecode.swift; path = Constants.swift; sourceTree = "<group>"; };
		C852D14724F059D4001F56BD /* NetworkManager.swift */ = {isa = PBXFileReference; fileEncoding = 4; lastKnownFileType = sourcecode.swift; path = NetworkManager.swift; sourceTree = "<group>"; };
		C852D15324F06BE7001F56BD /* ImageCache.swift */ = {isa = PBXFileReference; lastKnownFileType = sourcecode.swift; path = ImageCache.swift; sourceTree = "<group>"; };
		C8706F1724F44AB400D0DEA4 /* UserInfoVM.swift */ = {isa = PBXFileReference; lastKnownFileType = sourcecode.swift; path = UserInfoVM.swift; sourceTree = "<group>"; };
		C8706F1924F44C0500D0DEA4 /* RootViewSections.swift */ = {isa = PBXFileReference; lastKnownFileType = sourcecode.swift; path = RootViewSections.swift; sourceTree = "<group>"; };
		C8B00CA824F32B1C0046810A /* ContactViewModel.swift */ = {isa = PBXFileReference; lastKnownFileType = sourcecode.swift; path = ContactViewModel.swift; sourceTree = "<group>"; };
		C8B6534F24F44F2E002E9354 /* Address.swift */ = {isa = PBXFileReference; lastKnownFileType = sourcecode.swift; path = Address.swift; sourceTree = "<group>"; };
		C8B6535124F44F3D002E9354 /* Country.swift */ = {isa = PBXFileReference; lastKnownFileType = sourcecode.swift; path = Country.swift; sourceTree = "<group>"; };
		C8B6535324F44F53002E9354 /* Phone.swift */ = {isa = PBXFileReference; lastKnownFileType = sourcecode.swift; path = Phone.swift; sourceTree = "<group>"; };
		C8B6535524F45234002E9354 /* README.md */ = {isa = PBXFileReference; explicitFileType = net.daringfireball.markdown; fileEncoding = 4; path = README.md; sourceTree = "<group>"; };
		C8FB19C624F176E900C52321 /* RootTableCell.swift */ = {isa = PBXFileReference; lastKnownFileType = sourcecode.swift; path = RootTableCell.swift; sourceTree = "<group>"; };
		C8FB19CA24F198C200C52321 /* ContactsViewModel.swift */ = {isa = PBXFileReference; lastKnownFileType = sourcecode.swift; path = ContactsViewModel.swift; sourceTree = "<group>"; };
		C8FB19CC24F1B70600C52321 /* UserProfileCell.swift */ = {isa = PBXFileReference; lastKnownFileType = sourcecode.swift; path = UserProfileCell.swift; sourceTree = "<group>"; };
		C8FB19CE24F1BE7600C52321 /* UserInfoCell.swift */ = {isa = PBXFileReference; lastKnownFileType = sourcecode.swift; path = UserInfoCell.swift; sourceTree = "<group>"; };
		C8FB19D024F1DE8800C52321 /* String+Extension.swift */ = {isa = PBXFileReference; lastKnownFileType = sourcecode.swift; path = "String+Extension.swift"; sourceTree = "<group>"; };
/* End PBXFileReference section */

/* Begin PBXFrameworksBuildPhase section */
		C852D12124F04DF3001F56BD /* Frameworks */ = {
			isa = PBXFrameworksBuildPhase;
			buildActionMask = 2147483647;
			files = (
			);
			runOnlyForDeploymentPostprocessing = 0;
		};
/* End PBXFrameworksBuildPhase section */

/* Begin PBXGroup section */
		C8351B5424F1E035007FAEB5 /* View Cells */ = {
			isa = PBXGroup;
			children = (
				C8FB19C624F176E900C52321 /* RootTableCell.swift */,
				C8FB19CC24F1B70600C52321 /* UserProfileCell.swift */,
				C8FB19CE24F1BE7600C52321 /* UserInfoCell.swift */,
			);
			path = "View Cells";
			sourceTree = "<group>";
		};
		C852D11B24F04DF3001F56BD = {
			isa = PBXGroup;
			children = (
				C8B6535524F45234002E9354 /* README.md */,
				C852D12624F04DF3001F56BD /* Kin+Carta */,
				C852D12524F04DF3001F56BD /* Products */,
			);
			sourceTree = "<group>";
		};
		C852D12524F04DF3001F56BD /* Products */ = {
			isa = PBXGroup;
			children = (
				C852D12424F04DF3001F56BD /* Kin+Carta.app */,
			);
			name = Products;
			sourceTree = "<group>";
		};
		C852D12624F04DF3001F56BD /* Kin+Carta */ = {
			isa = PBXGroup;
			children = (
				C852D14324F059D4001F56BD /* Model */,
				C8351B5424F1E035007FAEB5 /* View Cells */,
				C8FB19D324F1DF3600C52321 /* ViewModel */,
				C8FB19D424F1DF4E00C52321 /* ViewControllers */,
				C8FB19D224F1DE8C00C52321 /* Extensions */,
				C852D14524F059D4001F56BD /* NetworkManager */,
				C8B00CA724F32AF70046810A /* Support Files */,
				C852D13024F04DF5001F56BD /* Assets.xcassets */,
				C852D13224F04DF5001F56BD /* LaunchScreen.storyboard */,
				C852D13524F04DF5001F56BD /* Info.plist */,
			);
			path = "Kin+Carta";
			sourceTree = "<group>";
		};
		C852D14324F059D4001F56BD /* Model */ = {
			isa = PBXGroup;
			children = (
				C852D15324F06BE7001F56BD /* ImageCache.swift */,
				C852D14424F059D4001F56BD /* Contact.swift */,
				C8B6535124F44F3D002E9354 /* Country.swift */,
				C8B6534F24F44F2E002E9354 /* Address.swift */,
				C8B6535324F44F53002E9354 /* Phone.swift */,
			);
			path = Model;
			sourceTree = "<group>";
		};
		C852D14524F059D4001F56BD /* NetworkManager */ = {
			isa = PBXGroup;
			children = (
				C852D14624F059D4001F56BD /* Constants.swift */,
				C852D14724F059D4001F56BD /* NetworkManager.swift */,
			);
			path = NetworkManager;
			sourceTree = "<group>";
		};
		C8B00CA724F32AF70046810A /* Support Files */ = {
			isa = PBXGroup;
			children = (
				C852D12724F04DF3001F56BD /* AppDelegate.swift */,
				C852D12924F04DF3001F56BD /* SceneDelegate.swift */,
			);
			path = "Support Files";
			sourceTree = "<group>";
		};
		C8FB19D224F1DE8C00C52321 /* Extensions */ = {
			isa = PBXGroup;
			children = (
				C8706F1924F44C0500D0DEA4 /* RootViewSections.swift */,
				C8FB19D024F1DE8800C52321 /* String+Extension.swift */,
			);
			path = Extensions;
			sourceTree = "<group>";
		};
		C8FB19D324F1DF3600C52321 /* ViewModel */ = {
			isa = PBXGroup;
			children = (
				C8B00CA824F32B1C0046810A /* ContactViewModel.swift */,
				C8FB19CA24F198C200C52321 /* ContactsViewModel.swift */,
				C8706F1724F44AB400D0DEA4 /* UserInfoVM.swift */,
			);
			path = ViewModel;
			sourceTree = "<group>";
		};
		C8FB19D424F1DF4E00C52321 /* ViewControllers */ = {
			isa = PBXGroup;
			children = (
				C852D14124F05547001F56BD /* RootViewController.swift */,
				C8351B5224F1DFDC007FAEB5 /* DetailViewController.swift */,
			);
			path = ViewControllers;
			sourceTree = "<group>";
		};
/* End PBXGroup section */

/* Begin PBXNativeTarget section */
		C852D12324F04DF3001F56BD /* Kin+Carta */ = {
			isa = PBXNativeTarget;
			buildConfigurationList = C852D13824F04DF5001F56BD /* Build configuration list for PBXNativeTarget "Kin+Carta" */;
			buildPhases = (
				C852D12024F04DF3001F56BD /* Sources */,
				C852D12124F04DF3001F56BD /* Frameworks */,
				C852D12224F04DF3001F56BD /* Resources */,
			);
			buildRules = (
			);
			dependencies = (
			);
			name = "Kin+Carta";
			productName = "Kin+Carta";
			productReference = C852D12424F04DF3001F56BD /* Kin+Carta.app */;
			productType = "com.apple.product-type.application";
		};
/* End PBXNativeTarget section */

/* Begin PBXProject section */
		C852D11C24F04DF3001F56BD /* Project object */ = {
			isa = PBXProject;
			attributes = {
				LastSwiftUpdateCheck = 1160;
				LastUpgradeCheck = 1160;
				ORGANIZATIONNAME = "Juan Manuel Tome";
				TargetAttributes = {
					C852D12324F04DF3001F56BD = {
						CreatedOnToolsVersion = 11.6;
					};
				};
			};
			buildConfigurationList = C852D11F24F04DF3001F56BD /* Build configuration list for PBXProject "Kin+Carta" */;
			compatibilityVersion = "Xcode 9.3";
			developmentRegion = en;
			hasScannedForEncodings = 0;
			knownRegions = (
				en,
				Base,
			);
			mainGroup = C852D11B24F04DF3001F56BD;
			productRefGroup = C852D12524F04DF3001F56BD /* Products */;
			projectDirPath = "";
			projectRoot = "";
			targets = (
				C852D12324F04DF3001F56BD /* Kin+Carta */,
			);
		};
/* End PBXProject section */

/* Begin PBXResourcesBuildPhase section */
		C852D12224F04DF3001F56BD /* Resources */ = {
			isa = PBXResourcesBuildPhase;
			buildActionMask = 2147483647;
			files = (
				C879D2BC24F4A075000B2EBA /* README.md in Resources */,
				C852D13424F04DF5001F56BD /* LaunchScreen.storyboard in Resources */,
				C852D13124F04DF5001F56BD /* Assets.xcassets in Resources */,
			);
			runOnlyForDeploymentPostprocessing = 0;
		};
/* End PBXResourcesBuildPhase section */

/* Begin PBXSourcesBuildPhase section */
		C852D12024F04DF3001F56BD /* Sources */ = {
			isa = PBXSourcesBuildPhase;
			buildActionMask = 2147483647;
			files = (
				C8FB19D124F1DE8800C52321 /* String+Extension.swift in Sources */,
				C852D15424F06BE7001F56BD /* ImageCache.swift in Sources */,
				C8FB19CD24F1B70600C52321 /* UserProfileCell.swift in Sources */,
				C852D14824F059D4001F56BD /* Contact.swift in Sources */,
				C8FB19C724F176E900C52321 /* RootTableCell.swift in Sources */,
				C852D14224F05547001F56BD /* RootViewController.swift in Sources */,
				C852D12824F04DF3001F56BD /* AppDelegate.swift in Sources */,
				C8FB19CF24F1BE7600C52321 /* UserInfoCell.swift in Sources */,
				C8706F1A24F44C0500D0DEA4 /* RootViewSections.swift in Sources */,
				C852D14A24F059D4001F56BD /* NetworkManager.swift in Sources */,
				C8B6535224F44F3D002E9354 /* Country.swift in Sources */,
				C852D14924F059D4001F56BD /* Constants.swift in Sources */,
				C8FB19CB24F198C200C52321 /* ContactsViewModel.swift in Sources */,
				C8B6535024F44F2E002E9354 /* Address.swift in Sources */,
				C8B00CA924F32B1C0046810A /* ContactViewModel.swift in Sources */,
				C8351B5324F1DFDC007FAEB5 /* DetailViewController.swift in Sources */,
				C852D12A24F04DF3001F56BD /* SceneDelegate.swift in Sources */,
				C8B6535424F44F53002E9354 /* Phone.swift in Sources */,
				C8706F1824F44AB400D0DEA4 /* UserInfoVM.swift in Sources */,
			);
			runOnlyForDeploymentPostprocessing = 0;
		};
/* End PBXSourcesBuildPhase section */

/* Begin PBXVariantGroup section */
		C852D13224F04DF5001F56BD /* LaunchScreen.storyboard */ = {
			isa = PBXVariantGroup;
			children = (
				C852D13324F04DF5001F56BD /* Base */,
			);
			name = LaunchScreen.storyboard;
			sourceTree = "<group>";
		};
/* End PBXVariantGroup section */

/* Begin XCBuildConfiguration section */
		C852D13624F04DF5001F56BD /* Debug */ = {
			isa = XCBuildConfiguration;
			buildSettings = {
				ALWAYS_SEARCH_USER_PATHS = NO;
				CLANG_ANALYZER_NONNULL = YES;
				CLANG_ANALYZER_NUMBER_OBJECT_CONVERSION = YES_AGGRESSIVE;
				CLANG_CXX_LANGUAGE_STANDARD = "gnu++14";
				CLANG_CXX_LIBRARY = "libc++";
				CLANG_ENABLE_MODULES = YES;
				CLANG_ENABLE_OBJC_ARC = YES;
				CLANG_ENABLE_OBJC_WEAK = YES;
				CLANG_WARN_BLOCK_CAPTURE_AUTORELEASING = YES;
				CLANG_WARN_BOOL_CONVERSION = YES;
				CLANG_WARN_COMMA = YES;
				CLANG_WARN_CONSTANT_CONVERSION = YES;
				CLANG_WARN_DEPRECATED_OBJC_IMPLEMENTATIONS = YES;
				CLANG_WARN_DIRECT_OBJC_ISA_USAGE = YES_ERROR;
				CLANG_WARN_DOCUMENTATION_COMMENTS = YES;
				CLANG_WARN_EMPTY_BODY = YES;
				CLANG_WARN_ENUM_CONVERSION = YES;
				CLANG_WARN_INFINITE_RECURSION = YES;
				CLANG_WARN_INT_CONVERSION = YES;
				CLANG_WARN_NON_LITERAL_NULL_CONVERSION = YES;
				CLANG_WARN_OBJC_IMPLICIT_RETAIN_SELF = YES;
				CLANG_WARN_OBJC_LITERAL_CONVERSION = YES;
				CLANG_WARN_OBJC_ROOT_CLASS = YES_ERROR;
				CLANG_WARN_RANGE_LOOP_ANALYSIS = YES;
				CLANG_WARN_STRICT_PROTOTYPES = YES;
				CLANG_WARN_SUSPICIOUS_MOVE = YES;
				CLANG_WARN_UNGUARDED_AVAILABILITY = YES_AGGRESSIVE;
				CLANG_WARN_UNREACHABLE_CODE = YES;
				CLANG_WARN__DUPLICATE_METHOD_MATCH = YES;
				COPY_PHASE_STRIP = NO;
				DEBUG_INFORMATION_FORMAT = dwarf;
				ENABLE_STRICT_OBJC_MSGSEND = YES;
				ENABLE_TESTABILITY = YES;
				GCC_C_LANGUAGE_STANDARD = gnu11;
				GCC_DYNAMIC_NO_PIC = NO;
				GCC_NO_COMMON_BLOCKS = YES;
				GCC_OPTIMIZATION_LEVEL = 0;
				GCC_PREPROCESSOR_DEFINITIONS = (
					"DEBUG=1",
					"$(inherited)",
				);
				GCC_WARN_64_TO_32_BIT_CONVERSION = YES;
				GCC_WARN_ABOUT_RETURN_TYPE = YES_ERROR;
				GCC_WARN_UNDECLARED_SELECTOR = YES;
				GCC_WARN_UNINITIALIZED_AUTOS = YES_AGGRESSIVE;
				GCC_WARN_UNUSED_FUNCTION = YES;
				GCC_WARN_UNUSED_VARIABLE = YES;
				IPHONEOS_DEPLOYMENT_TARGET = 13.6;
				MTL_ENABLE_DEBUG_INFO = INCLUDE_SOURCE;
				MTL_FAST_MATH = YES;
				ONLY_ACTIVE_ARCH = YES;
				SDKROOT = iphoneos;
				SWIFT_ACTIVE_COMPILATION_CONDITIONS = DEBUG;
				SWIFT_OPTIMIZATION_LEVEL = "-Onone";
			};
			name = Debug;
		};
		C852D13724F04DF5001F56BD /* Release */ = {
			isa = XCBuildConfiguration;
			buildSettings = {
				ALWAYS_SEARCH_USER_PATHS = NO;
				CLANG_ANALYZER_NONNULL = YES;
				CLANG_ANALYZER_NUMBER_OBJECT_CONVERSION = YES_AGGRESSIVE;
				CLANG_CXX_LANGUAGE_STANDARD = "gnu++14";
				CLANG_CXX_LIBRARY = "libc++";
				CLANG_ENABLE_MODULES = YES;
				CLANG_ENABLE_OBJC_ARC = YES;
				CLANG_ENABLE_OBJC_WEAK = YES;
				CLANG_WARN_BLOCK_CAPTURE_AUTORELEASING = YES;
				CLANG_WARN_BOOL_CONVERSION = YES;
				CLANG_WARN_COMMA = YES;
				CLANG_WARN_CONSTANT_CONVERSION = YES;
				CLANG_WARN_DEPRECATED_OBJC_IMPLEMENTATIONS = YES;
				CLANG_WARN_DIRECT_OBJC_ISA_USAGE = YES_ERROR;
				CLANG_WARN_DOCUMENTATION_COMMENTS = YES;
				CLANG_WARN_EMPTY_BODY = YES;
				CLANG_WARN_ENUM_CONVERSION = YES;
				CLANG_WARN_INFINITE_RECURSION = YES;
				CLANG_WARN_INT_CONVERSION = YES;
				CLANG_WARN_NON_LITERAL_NULL_CONVERSION = YES;
				CLANG_WARN_OBJC_IMPLICIT_RETAIN_SELF = YES;
				CLANG_WARN_OBJC_LITERAL_CONVERSION = YES;
				CLANG_WARN_OBJC_ROOT_CLASS = YES_ERROR;
				CLANG_WARN_RANGE_LOOP_ANALYSIS = YES;
				CLANG_WARN_STRICT_PROTOTYPES = YES;
				CLANG_WARN_SUSPICIOUS_MOVE = YES;
				CLANG_WARN_UNGUARDED_AVAILABILITY = YES_AGGRESSIVE;
				CLANG_WARN_UNREACHABLE_CODE = YES;
				CLANG_WARN__DUPLICATE_METHOD_MATCH = YES;
				COPY_PHASE_STRIP = NO;
				DEBUG_INFORMATION_FORMAT = "dwarf-with-dsym";
				ENABLE_NS_ASSERTIONS = NO;
				ENABLE_STRICT_OBJC_MSGSEND = YES;
				GCC_C_LANGUAGE_STANDARD = gnu11;
				GCC_NO_COMMON_BLOCKS = YES;
				GCC_WARN_64_TO_32_BIT_CONVERSION = YES;
				GCC_WARN_ABOUT_RETURN_TYPE = YES_ERROR;
				GCC_WARN_UNDECLARED_SELECTOR = YES;
				GCC_WARN_UNINITIALIZED_AUTOS = YES_AGGRESSIVE;
				GCC_WARN_UNUSED_FUNCTION = YES;
				GCC_WARN_UNUSED_VARIABLE = YES;
				IPHONEOS_DEPLOYMENT_TARGET = 13.6;
				MTL_ENABLE_DEBUG_INFO = NO;
				MTL_FAST_MATH = YES;
				SDKROOT = iphoneos;
				SWIFT_COMPILATION_MODE = wholemodule;
				SWIFT_OPTIMIZATION_LEVEL = "-O";
				VALIDATE_PRODUCT = YES;
			};
			name = Release;
		};
		C852D13924F04DF5001F56BD /* Debug */ = {
			isa = XCBuildConfiguration;
			buildSettings = {
				ASSETCATALOG_COMPILER_APPICON_NAME = AppIcon;
				CODE_SIGN_STYLE = Automatic;
				DEVELOPMENT_TEAM = YBSZVA7CYQ;
				INFOPLIST_FILE = "Kin+Carta/Info.plist";
				LD_RUNPATH_SEARCH_PATHS = (
					"$(inherited)",
					"@executable_path/Frameworks",
				);
				PRODUCT_BUNDLE_IDENTIFIER = "com.jmt.Kin-Carta";
				PRODUCT_NAME = "$(TARGET_NAME)";
				SWIFT_VERSION = 5.0;
				TARGETED_DEVICE_FAMILY = "1,2";
			};
			name = Debug;
		};
		C852D13A24F04DF5001F56BD /* Release */ = {
			isa = XCBuildConfiguration;
			buildSettings = {
				ASSETCATALOG_COMPILER_APPICON_NAME = AppIcon;
				CODE_SIGN_STYLE = Automatic;
				DEVELOPMENT_TEAM = YBSZVA7CYQ;
				INFOPLIST_FILE = "Kin+Carta/Info.plist";
				LD_RUNPATH_SEARCH_PATHS = (
					"$(inherited)",
					"@executable_path/Frameworks",
				);
				PRODUCT_BUNDLE_IDENTIFIER = "com.jmt.Kin-Carta";
				PRODUCT_NAME = "$(TARGET_NAME)";
				SWIFT_VERSION = 5.0;
				TARGETED_DEVICE_FAMILY = "1,2";
			};
			name = Release;
		};
/* End XCBuildConfiguration section */

/* Begin XCConfigurationList section */
		C852D11F24F04DF3001F56BD /* Build configuration list for PBXProject "Kin+Carta" */ = {
			isa = XCConfigurationList;
			buildConfigurations = (
				C852D13624F04DF5001F56BD /* Debug */,
				C852D13724F04DF5001F56BD /* Release */,
			);
			defaultConfigurationIsVisible = 0;
			defaultConfigurationName = Release;
		};
		C852D13824F04DF5001F56BD /* Build configuration list for PBXNativeTarget "Kin+Carta" */ = {
			isa = XCConfigurationList;
			buildConfigurations = (
				C852D13924F04DF5001F56BD /* Debug */,
				C852D13A24F04DF5001F56BD /* Release */,
			);
			defaultConfigurationIsVisible = 0;
			defaultConfigurationName = Release;
		};
/* End XCConfigurationList section */
	};
	rootObject = C852D11C24F04DF3001F56BD /* Project object */;
}
